
Microsoft Visual Studio Solution File, Format Version 12.00
# Visual Studio 15
Project("{FAE04EC0-301F-11D3-BF4B-00C04F79EFBC}") = "Assembly-CSharp", "Assembly-CSharp.csproj", "{FEEFB901-C6AF-24A8-D41C-A916A078C5EE}"
EndProject
Project("{FAE04EC0-301F-11D3-BF4B-00C04F79EFBC}") = "Assembly-CSharp-firstpass", "Assembly-CSharp-firstpass.csproj", "{669883DA-D4AC-DEB4-6A5D-F284D827D87B}"
EndProject
Project("{FAE04EC0-301F-11D3-BF4B-00C04F79EFBC}") = "Assembly-CSharp-Editor", "Assembly-CSharp-Editor.csproj", "{D8B00F24-16EB-2A7C-40E7-D64B08539253}"
EndProject
Global
	GlobalSection(SolutionConfigurationPlatforms) = preSolution
		Debug|Any CPU = Debug|Any CPU
		Release|Any CPU = Release|Any CPU
	EndGlobalSection
	GlobalSection(ProjectConfigurationPlatforms) = postSolution
		{FEEFB901-C6AF-24A8-D41C-A916A078C5EE}.Debug|Any CPU.ActiveCfg = Debug|Any CPU
		{FEEFB901-C6AF-24A8-D41C-A916A078C5EE}.Debug|Any CPU.Build.0 = Debug|Any CPU
		{FEEFB901-C6AF-24A8-D41C-A916A078C5EE}.Release|Any CPU.ActiveCfg = Release|Any CPU
		{FEEFB901-C6AF-24A8-D41C-A916A078C5EE}.Release|Any CPU.Build.0 = Release|Any CPU
		{669883DA-D4AC-DEB4-6A5D-F284D827D87B}.Debug|Any CPU.ActiveCfg = Debug|Any CPU
		{669883DA-D4AC-DEB4-6A5D-F284D827D87B}.Debug|Any CPU.Build.0 = Debug|Any CPU
		{669883DA-D4AC-DEB4-6A5D-F284D827D87B}.Release|Any CPU.ActiveCfg = Release|Any CPU
		{669883DA-D4AC-DEB4-6A5D-F284D827D87B}.Release|Any CPU.Build.0 = Release|Any CPU
		{D8B00F24-16EB-2A7C-40E7-D64B08539253}.Debug|Any CPU.ActiveCfg = Debug|Any CPU
		{D8B00F24-16EB-2A7C-40E7-D64B08539253}.Debug|Any CPU.Build.0 = Debug|Any CPU
		{D8B00F24-16EB-2A7C-40E7-D64B08539253}.Release|Any CPU.ActiveCfg = Release|Any CPU
		{D8B00F24-16EB-2A7C-40E7-D64B08539253}.Release|Any CPU.Build.0 = Release|Any CPU
	EndGlobalSection
	GlobalSection(SolutionProperties) = preSolution
		HideSolutionNode = FALSE
	EndGlobalSection
EndGlobal
